// !$*UTF8*$!
{
	archiveVersion = 1;
	classes = {
	};
	objectVersion = 48;
	objects = {

/* Begin PBXBuildFile section */
		117C37C81FC131A2004AA861 /* XKPerson.m in Sources */ = {isa = PBXBuildFile; fileRef = 117C37C71FC131A2004AA861 /* XKPerson.m */; };
		117C37CB1FC140A2004AA861 /* XKTeacher.m in Sources */ = {isa = PBXBuildFile; fileRef = 117C37CA1FC140A2004AA861 /* XKTeacher.m */; };
		117C37CE1FC14D48004AA861 /* NSObject+Swizzling.m in Sources */ = {isa = PBXBuildFile; fileRef = 117C37CD1FC14D48004AA861 /* NSObject+Swizzling.m */; };
		117C37D41FC150E8004AA861 /* UIViewController+Swizzling.m in Sources */ = {isa = PBXBuildFile; fileRef = 117C37D31FC150E8004AA861 /* UIViewController+Swizzling.m */; };
		117C37D71FC15252004AA861 /* NSMutableArray+Swizzling.m in Sources */ = {isa = PBXBuildFile; fileRef = 117C37D61FC15252004AA861 /* NSMutableArray+Swizzling.m */; };
		117C37DA1FC15414004AA861 /* UIButton+Swizzling.m in Sources */ = {isa = PBXBuildFile; fileRef = 117C37D91FC15414004AA861 /* UIButton+Swizzling.m */; };
		117C37DD1FC15869004AA861 /* UILabel+Swizzling.m in Sources */ = {isa = PBXBuildFile; fileRef = 117C37DC1FC15869004AA861 /* UILabel+Swizzling.m */; };
		11913DF61FC00BD500E10BE9 /* AppDelegate.m in Sources */ = {isa = PBXBuildFile; fileRef = 11913DF51FC00BD500E10BE9 /* AppDelegate.m */; };
		11913DF91FC00BD500E10BE9 /* ViewController.m in Sources */ = {isa = PBXBuildFile; fileRef = 11913DF81FC00BD500E10BE9 /* ViewController.m */; };
		11913DFC1FC00BD500E10BE9 /* Main.storyboard in Resources */ = {isa = PBXBuildFile; fileRef = 11913DFA1FC00BD500E10BE9 /* Main.storyboard */; };
		11913DFF1FC00BD500E10BE9 /* Runtime.xcdatamodeld in Sources */ = {isa = PBXBuildFile; fileRef = 11913DFD1FC00BD500E10BE9 /* Runtime.xcdatamodeld */; };
		11913E011FC00BD500E10BE9 /* Assets.xcassets in Resources */ = {isa = PBXBuildFile; fileRef = 11913E001FC00BD500E10BE9 /* Assets.xcassets */; };
		11913E041FC00BD500E10BE9 /* LaunchScreen.storyboard in Resources */ = {isa = PBXBuildFile; fileRef = 11913E021FC00BD500E10BE9 /* LaunchScreen.storyboard */; };
		11913E071FC00BD500E10BE9 /* main.m in Sources */ = {isa = PBXBuildFile; fileRef = 11913E061FC00BD500E10BE9 /* main.m */; };
		11913E111FC00BD500E10BE9 /* RuntimeTests.m in Sources */ = {isa = PBXBuildFile; fileRef = 11913E101FC00BD500E10BE9 /* RuntimeTests.m */; };
		11913E1C1FC00BD600E10BE9 /* RuntimeUITests.m in Sources */ = {isa = PBXBuildFile; fileRef = 11913E1B1FC00BD500E10BE9 /* RuntimeUITests.m */; };
		11913E2B1FC0469D00E10BE9 /* UIImage+Image.m in Sources */ = {isa = PBXBuildFile; fileRef = 11913E2A1FC0469D00E10BE9 /* UIImage+Image.m */; };
		11913E2E1FC0481700E10BE9 /* scenery.jpg in Resources */ = {isa = PBXBuildFile; fileRef = 11913E2D1FC0481700E10BE9 /* scenery.jpg */; };
		11913E311FC0495800E10BE9 /* NSObject+Property.m in Sources */ = {isa = PBXBuildFile; fileRef = 11913E301FC0495800E10BE9 /* NSObject+Property.m */; };
		11913E421FC04DF700E10BE9 /* AFHTTPSessionManager.m in Sources */ = {isa = PBXBuildFile; fileRef = 11913E361FC04DF700E10BE9 /* AFHTTPSessionManager.m */; };
		11913E431FC04DF700E10BE9 /* AFNetworkReachabilityManager.m in Sources */ = {isa = PBXBuildFile; fileRef = 11913E391FC04DF700E10BE9 /* AFNetworkReachabilityManager.m */; };
		11913E441FC04DF700E10BE9 /* AFSecurityPolicy.m in Sources */ = {isa = PBXBuildFile; fileRef = 11913E3B1FC04DF700E10BE9 /* AFSecurityPolicy.m */; };
		11913E451FC04DF700E10BE9 /* AFURLRequestSerialization.m in Sources */ = {isa = PBXBuildFile; fileRef = 11913E3D1FC04DF700E10BE9 /* AFURLRequestSerialization.m */; };
		11913E461FC04DF700E10BE9 /* AFURLResponseSerialization.m in Sources */ = {isa = PBXBuildFile; fileRef = 11913E3F1FC04DF700E10BE9 /* AFURLResponseSerialization.m */; };
		11913E471FC04DF700E10BE9 /* AFURLSessionManager.m in Sources */ = {isa = PBXBuildFile; fileRef = 11913E411FC04DF700E10BE9 /* AFURLSessionManager.m */; };
		11913E491FC04E4B00E10BE9 /* jianshuhome.json in Resources */ = {isa = PBXBuildFile; fileRef = 11913E481FC04E4B00E10BE9 /* jianshuhome.json */; };
/* End PBXBuildFile section */

/* Begin PBXContainerItemProxy section */
		11913E0D1FC00BD500E10BE9 /* PBXContainerItemProxy */ = {
			isa = PBXContainerItemProxy;
			containerPortal = 11913DE91FC00BD500E10BE9 /* Project object */;
			proxyType = 1;
			remoteGlobalIDString = 11913DF01FC00BD500E10BE9;
			remoteInfo = Runtime;
		};
		11913E181FC00BD500E10BE9 /* PBXContainerItemProxy */ = {
			isa = PBXContainerItemProxy;
			containerPortal = 11913DE91FC00BD500E10BE9 /* Project object */;
			proxyType = 1;
			remoteGlobalIDString = 11913DF01FC00BD500E10BE9;
			remoteInfo = Runtime;
		};
/* End PBXContainerItemProxy section */

/* Begin PBXFileReference section */
		117C37C61FC131A2004AA861 /* XKPerson.h */ = {isa = PBXFileReference; lastKnownFileType = sourcecode.c.h; path = XKPerson.h; sourceTree = "<group>"; };
		117C37C71FC131A2004AA861 /* XKPerson.m */ = {isa = PBXFileReference; lastKnownFileType = sourcecode.c.objc; path = XKPerson.m; sourceTree = "<group>"; };
		117C37C91FC140A2004AA861 /* XKTeacher.h */ = {isa = PBXFileReference; lastKnownFileType = sourcecode.c.h; path = XKTeacher.h; sourceTree = "<group>"; };
		117C37CA1FC140A2004AA861 /* XKTeacher.m */ = {isa = PBXFileReference; lastKnownFileType = sourcecode.c.objc; path = XKTeacher.m; sourceTree = "<group>"; };
		117C37CC1FC14D48004AA861 /* NSObject+Swizzling.h */ = {isa = PBXFileReference; lastKnownFileType = sourcecode.c.h; path = "NSObject+Swizzling.h"; sourceTree = "<group>"; };
		117C37CD1FC14D48004AA861 /* NSObject+Swizzling.m */ = {isa = PBXFileReference; lastKnownFileType = sourcecode.c.objc; path = "NSObject+Swizzling.m"; sourceTree = "<group>"; };
		117C37D21FC150E8004AA861 /* UIViewController+Swizzling.h */ = {isa = PBXFileReference; lastKnownFileType = sourcecode.c.h; path = "UIViewController+Swizzling.h"; sourceTree = "<group>"; };
		117C37D31FC150E8004AA861 /* UIViewController+Swizzling.m */ = {isa = PBXFileReference; lastKnownFileType = sourcecode.c.objc; path = "UIViewController+Swizzling.m"; sourceTree = "<group>"; };
		117C37D51FC15252004AA861 /* NSMutableArray+Swizzling.h */ = {isa = PBXFileReference; lastKnownFileType = sourcecode.c.h; path = "NSMutableArray+Swizzling.h"; sourceTree = "<group>"; };
		117C37D61FC15252004AA861 /* NSMutableArray+Swizzling.m */ = {isa = PBXFileReference; lastKnownFileType = sourcecode.c.objc; path = "NSMutableArray+Swizzling.m"; sourceTree = "<group>"; };
		117C37D81FC15414004AA861 /* UIButton+Swizzling.h */ = {isa = PBXFileReference; lastKnownFileType = sourcecode.c.h; path = "UIButton+Swizzling.h"; sourceTree = "<group>"; };
		117C37D91FC15414004AA861 /* UIButton+Swizzling.m */ = {isa = PBXFileReference; lastKnownFileType = sourcecode.c.objc; path = "UIButton+Swizzling.m"; sourceTree = "<group>"; };
		117C37DB1FC15869004AA861 /* UILabel+Swizzling.h */ = {isa = PBXFileReference; lastKnownFileType = sourcecode.c.h; path = "UILabel+Swizzling.h"; sourceTree = "<group>"; };
		117C37DC1FC15869004AA861 /* UILabel+Swizzling.m */ = {isa = PBXFileReference; lastKnownFileType = sourcecode.c.objc; path = "UILabel+Swizzling.m"; sourceTree = "<group>"; };
		11913DF11FC00BD500E10BE9 /* Runtime.app */ = {isa = PBXFileReference; explicitFileType = wrapper.application; includeInIndex = 0; path = Runtime.app; sourceTree = BUILT_PRODUCTS_DIR; };
		11913DF41FC00BD500E10BE9 /* AppDelegate.h */ = {isa = PBXFileReference; lastKnownFileType = sourcecode.c.h; path = AppDelegate.h; sourceTree = "<group>"; };
		11913DF51FC00BD500E10BE9 /* AppDelegate.m */ = {isa = PBXFileReference; lastKnownFileType = sourcecode.c.objc; path = AppDelegate.m; sourceTree = "<group>"; };
		11913DF71FC00BD500E10BE9 /* ViewController.h */ = {isa = PBXFileReference; lastKnownFileType = sourcecode.c.h; path = ViewController.h; sourceTree = "<group>"; };
		11913DF81FC00BD500E10BE9 /* ViewController.m */ = {isa = PBXFileReference; lastKnownFileType = sourcecode.c.objc; path = ViewController.m; sourceTree = "<group>"; };
		11913DFB1FC00BD500E10BE9 /* Base */ = {isa = PBXFileReference; lastKnownFileType = file.storyboard; name = Base; path = Base.lproj/Main.storyboard; sourceTree = "<group>"; };
		11913DFE1FC00BD500E10BE9 /* Runtime.xcdatamodel */ = {isa = PBXFileReference; lastKnownFileType = wrapper.xcdatamodel; path = Runtime.xcdatamodel; sourceTree = "<group>"; };
		11913E001FC00BD500E10BE9 /* Assets.xcassets */ = {isa = PBXFileReference; lastKnownFileType = folder.assetcatalog; path = Assets.xcassets; sourceTree = "<group>"; };
		11913E031FC00BD500E10BE9 /* Base */ = {isa = PBXFileReference; lastKnownFileType = file.storyboard; name = Base; path = Base.lproj/LaunchScreen.storyboard; sourceTree = "<group>"; };
		11913E051FC00BD500E10BE9 /* Info.plist */ = {isa = PBXFileReference; lastKnownFileType = text.plist.xml; path = Info.plist; sourceTree = "<group>"; };
		11913E061FC00BD500E10BE9 /* main.m */ = {isa = PBXFileReference; lastKnownFileType = sourcecode.c.objc; path = main.m; sourceTree = "<group>"; };
		11913E0C1FC00BD500E10BE9 /* RuntimeTests.xctest */ = {isa = PBXFileReference; explicitFileType = wrapper.cfbundle; includeInIndex = 0; path = RuntimeTests.xctest; sourceTree = BUILT_PRODUCTS_DIR; };
		11913E101FC00BD500E10BE9 /* RuntimeTests.m */ = {isa = PBXFileReference; lastKnownFileType = sourcecode.c.objc; path = RuntimeTests.m; sourceTree = "<group>"; };
		11913E121FC00BD500E10BE9 /* Info.plist */ = {isa = PBXFileReference; lastKnownFileType = text.plist.xml; path = Info.plist; sourceTree = "<group>"; };
		11913E171FC00BD500E10BE9 /* RuntimeUITests.xctest */ = {isa = PBXFileReference; explicitFileType = wrapper.cfbundle; includeInIndex = 0; path = RuntimeUITests.xctest; sourceTree = BUILT_PRODUCTS_DIR; };
		11913E1B1FC00BD500E10BE9 /* RuntimeUITests.m */ = {isa = PBXFileReference; lastKnownFileType = sourcecode.c.objc; path = RuntimeUITests.m; sourceTree = "<group>"; };
		11913E1D1FC00BD600E10BE9 /* Info.plist */ = {isa = PBXFileReference; lastKnownFileType = text.plist.xml; path = Info.plist; sourceTree = "<group>"; };
		11913E291FC0469D00E10BE9 /* UIImage+Image.h */ = {isa = PBXFileReference; lastKnownFileType = sourcecode.c.h; path = "UIImage+Image.h"; sourceTree = "<group>"; };
		11913E2A1FC0469D00E10BE9 /* UIImage+Image.m */ = {isa = PBXFileReference; lastKnownFileType = sourcecode.c.objc; path = "UIImage+Image.m"; sourceTree = "<group>"; };
		11913E2D1FC0481700E10BE9 /* scenery.jpg */ = {isa = PBXFileReference; lastKnownFileType = image.jpeg; path = scenery.jpg; sourceTree = "<group>"; };
		11913E2F1FC0495800E10BE9 /* NSObject+Property.h */ = {isa = PBXFileReference; lastKnownFileType = sourcecode.c.h; path = "NSObject+Property.h"; sourceTree = "<group>"; };
		11913E301FC0495800E10BE9 /* NSObject+Property.m */ = {isa = PBXFileReference; lastKnownFileType = sourcecode.c.objc; path = "NSObject+Property.m"; sourceTree = "<group>"; };
		11913E351FC04DF700E10BE9 /* AFHTTPSessionManager.h */ = {isa = PBXFileReference; fileEncoding = 4; lastKnownFileType = sourcecode.c.h; path = AFHTTPSessionManager.h; sourceTree = "<group>"; };
		11913E361FC04DF700E10BE9 /* AFHTTPSessionManager.m */ = {isa = PBXFileReference; fileEncoding = 4; lastKnownFileType = sourcecode.c.objc; path = AFHTTPSessionManager.m; sourceTree = "<group>"; };
		11913E371FC04DF700E10BE9 /* AFNetworking.h */ = {isa = PBXFileReference; fileEncoding = 4; lastKnownFileType = sourcecode.c.h; path = AFNetworking.h; sourceTree = "<group>"; };
		11913E381FC04DF700E10BE9 /* AFNetworkReachabilityManager.h */ = {isa = PBXFileReference; fileEncoding = 4; lastKnownFileType = sourcecode.c.h; path = AFNetworkReachabilityManager.h; sourceTree = "<group>"; };
		11913E391FC04DF700E10BE9 /* AFNetworkReachabilityManager.m */ = {isa = PBXFileReference; fileEncoding = 4; lastKnownFileType = sourcecode.c.objc; path = AFNetworkReachabilityManager.m; sourceTree = "<group>"; };
		11913E3A1FC04DF700E10BE9 /* AFSecurityPolicy.h */ = {isa = PBXFileReference; fileEncoding = 4; lastKnownFileType = sourcecode.c.h; path = AFSecurityPolicy.h; sourceTree = "<group>"; };
		11913E3B1FC04DF700E10BE9 /* AFSecurityPolicy.m */ = {isa = PBXFileReference; fileEncoding = 4; lastKnownFileType = sourcecode.c.objc; path = AFSecurityPolicy.m; sourceTree = "<group>"; };
		11913E3C1FC04DF700E10BE9 /* AFURLRequestSerialization.h */ = {isa = PBXFileReference; fileEncoding = 4; lastKnownFileType = sourcecode.c.h; path = AFURLRequestSerialization.h; sourceTree = "<group>"; };
		11913E3D1FC04DF700E10BE9 /* AFURLRequestSerialization.m */ = {isa = PBXFileReference; fileEncoding = 4; lastKnownFileType = sourcecode.c.objc; path = AFURLRequestSerialization.m; sourceTree = "<group>"; };
		11913E3E1FC04DF700E10BE9 /* AFURLResponseSerialization.h */ = {isa = PBXFileReference; fileEncoding = 4; lastKnownFileType = sourcecode.c.h; path = AFURLResponseSerialization.h; sourceTree = "<group>"; };
		11913E3F1FC04DF700E10BE9 /* AFURLResponseSerialization.m */ = {isa = PBXFileReference; fileEncoding = 4; lastKnownFileType = sourcecode.c.objc; path = AFURLResponseSerialization.m; sourceTree = "<group>"; };
		11913E401FC04DF700E10BE9 /* AFURLSessionManager.h */ = {isa = PBXFileReference; fileEncoding = 4; lastKnownFileType = sourcecode.c.h; path = AFURLSessionManager.h; sourceTree = "<group>"; };
		11913E411FC04DF700E10BE9 /* AFURLSessionManager.m */ = {isa = PBXFileReference; fileEncoding = 4; lastKnownFileType = sourcecode.c.objc; path = AFURLSessionManager.m; sourceTree = "<group>"; };
		11913E481FC04E4B00E10BE9 /* jianshuhome.json */ = {isa = PBXFileReference; lastKnownFileType = text.json; path = jianshuhome.json; sourceTree = "<group>"; };
/* End PBXFileReference section */

/* Begin PBXFrameworksBuildPhase section */
		11913DEE1FC00BD500E10BE9 /* Frameworks */ = {
			isa = PBXFrameworksBuildPhase;
			buildActionMask = 2147483647;
			files = (
			);
			runOnlyForDeploymentPostprocessing = 0;
		};
		11913E091FC00BD500E10BE9 /* Frameworks */ = {
			isa = PBXFrameworksBuildPhase;
			buildActionMask = 2147483647;
			files = (
			);
			runOnlyForDeploymentPostprocessing = 0;
		};
		11913E141FC00BD500E10BE9 /* Frameworks */ = {
			isa = PBXFrameworksBuildPhase;
			buildActionMask = 2147483647;
			files = (
			);
			runOnlyForDeploymentPostprocessing = 0;
		};
/* End PBXFrameworksBuildPhase section */

/* Begin PBXGroup section */
		11913DE81FC00BD500E10BE9 = {
			isa = PBXGroup;
			children = (
				11913DF31FC00BD500E10BE9 /* Runtime */,
				11913E0F1FC00BD500E10BE9 /* RuntimeTests */,
				11913E1A1FC00BD500E10BE9 /* RuntimeUITests */,
				11913DF21FC00BD500E10BE9 /* Products */,
			);
			sourceTree = "<group>";
		};
		11913DF21FC00BD500E10BE9 /* Products */ = {
			isa = PBXGroup;
			children = (
				11913DF11FC00BD500E10BE9 /* Runtime.app */,
				11913E0C1FC00BD500E10BE9 /* RuntimeTests.xctest */,
				11913E171FC00BD500E10BE9 /* RuntimeUITests.xctest */,
			);
			name = Products;
			sourceTree = "<group>";
		};
		11913DF31FC00BD500E10BE9 /* Runtime */ = {
			isa = PBXGroup;
			children = (
				11913E331FC04DF700E10BE9 /* ThirdParty */,
				11913E2C1FC0480E00E10BE9 /* Image */,
				11913DF41FC00BD500E10BE9 /* AppDelegate.h */,
				11913DF51FC00BD500E10BE9 /* AppDelegate.m */,
				11913DF71FC00BD500E10BE9 /* ViewController.h */,
				11913DF81FC00BD500E10BE9 /* ViewController.m */,
				117C37DB1FC15869004AA861 /* UILabel+Swizzling.h */,
				117C37DC1FC15869004AA861 /* UILabel+Swizzling.m */,
				117C37D81FC15414004AA861 /* UIButton+Swizzling.h */,
				117C37D91FC15414004AA861 /* UIButton+Swizzling.m */,
				117C37D51FC15252004AA861 /* NSMutableArray+Swizzling.h */,
				117C37D61FC15252004AA861 /* NSMutableArray+Swizzling.m */,
				117C37D21FC150E8004AA861 /* UIViewController+Swizzling.h */,
				117C37D31FC150E8004AA861 /* UIViewController+Swizzling.m */,
				117C37C91FC140A2004AA861 /* XKTeacher.h */,
				117C37CA1FC140A2004AA861 /* XKTeacher.m */,
				117C37C61FC131A2004AA861 /* XKPerson.h */,
				117C37C71FC131A2004AA861 /* XKPerson.m */,
				117C37CC1FC14D48004AA861 /* NSObject+Swizzling.h */,
				117C37CD1FC14D48004AA861 /* NSObject+Swizzling.m */,
				11913E291FC0469D00E10BE9 /* UIImage+Image.h */,
				11913E2A1FC0469D00E10BE9 /* UIImage+Image.m */,
				11913E2F1FC0495800E10BE9 /* NSObject+Property.h */,
				11913E301FC0495800E10BE9 /* NSObject+Property.m */,
				11913DFA1FC00BD500E10BE9 /* Main.storyboard */,
				11913E001FC00BD500E10BE9 /* Assets.xcassets */,
				11913E021FC00BD500E10BE9 /* LaunchScreen.storyboard */,
				11913E051FC00BD500E10BE9 /* Info.plist */,
				11913E061FC00BD500E10BE9 /* main.m */,
				11913DFD1FC00BD500E10BE9 /* Runtime.xcdatamodeld */,
				11913E481FC04E4B00E10BE9 /* jianshuhome.json */,
			);
			path = Runtime;
			sourceTree = "<group>";
		};
		11913E0F1FC00BD500E10BE9 /* RuntimeTests */ = {
			isa = PBXGroup;
			children = (
				11913E101FC00BD500E10BE9 /* RuntimeTests.m */,
				11913E121FC00BD500E10BE9 /* Info.plist */,
			);
			path = RuntimeTests;
			sourceTree = "<group>";
		};
		11913E1A1FC00BD500E10BE9 /* RuntimeUITests */ = {
			isa = PBXGroup;
			children = (
				11913E1B1FC00BD500E10BE9 /* RuntimeUITests.m */,
				11913E1D1FC00BD600E10BE9 /* Info.plist */,
			);
			path = RuntimeUITests;
			sourceTree = "<group>";
		};
		11913E2C1FC0480E00E10BE9 /* Image */ = {
			isa = PBXGroup;
			children = (
				11913E2D1FC0481700E10BE9 /* scenery.jpg */,
			);
			path = Image;
			sourceTree = "<group>";
		};
		11913E331FC04DF700E10BE9 /* ThirdParty */ = {
			isa = PBXGroup;
			children = (
				11913E341FC04DF700E10BE9 /* AFNetworking */,
			);
			path = ThirdParty;
			sourceTree = "<group>";
		};
		11913E341FC04DF700E10BE9 /* AFNetworking */ = {
			isa = PBXGroup;
			children = (
				11913E351FC04DF700E10BE9 /* AFHTTPSessionManager.h */,
				11913E361FC04DF700E10BE9 /* AFHTTPSessionManager.m */,
				11913E371FC04DF700E10BE9 /* AFNetworking.h */,
				11913E381FC04DF700E10BE9 /* AFNetworkReachabilityManager.h */,
				11913E391FC04DF700E10BE9 /* AFNetworkReachabilityManager.m */,
				11913E3A1FC04DF700E10BE9 /* AFSecurityPolicy.h */,
				11913E3B1FC04DF700E10BE9 /* AFSecurityPolicy.m */,
				11913E3C1FC04DF700E10BE9 /* AFURLRequestSerialization.h */,
				11913E3D1FC04DF700E10BE9 /* AFURLRequestSerialization.m */,
				11913E3E1FC04DF700E10BE9 /* AFURLResponseSerialization.h */,
				11913E3F1FC04DF700E10BE9 /* AFURLResponseSerialization.m */,
				11913E401FC04DF700E10BE9 /* AFURLSessionManager.h */,
				11913E411FC04DF700E10BE9 /* AFURLSessionManager.m */,
			);
			path = AFNetworking;
			sourceTree = "<group>";
		};
/* End PBXGroup section */

/* Begin PBXNativeTarget section */
		11913DF01FC00BD500E10BE9 /* Runtime */ = {
			isa = PBXNativeTarget;
			buildConfigurationList = 11913E201FC00BD600E10BE9 /* Build configuration list for PBXNativeTarget "Runtime" */;
			buildPhases = (
				11913DED1FC00BD500E10BE9 /* Sources */,
				11913DEE1FC00BD500E10BE9 /* Frameworks */,
				11913DEF1FC00BD500E10BE9 /* Resources */,
			);
			buildRules = (
			);
			dependencies = (
			);
			name = Runtime;
			productName = Runtime;
			productReference = 11913DF11FC00BD500E10BE9 /* Runtime.app */;
			productType = "com.apple.product-type.application";
		};
		11913E0B1FC00BD500E10BE9 /* RuntimeTests */ = {
			isa = PBXNativeTarget;
			buildConfigurationList = 11913E231FC00BD600E10BE9 /* Build configuration list for PBXNativeTarget "RuntimeTests" */;
			buildPhases = (
				11913E081FC00BD500E10BE9 /* Sources */,
				11913E091FC00BD500E10BE9 /* Frameworks */,
				11913E0A1FC00BD500E10BE9 /* Resources */,
			);
			buildRules = (
			);
			dependencies = (
				11913E0E1FC00BD500E10BE9 /* PBXTargetDependency */,
			);
			name = RuntimeTests;
			productName = RuntimeTests;
			productReference = 11913E0C1FC00BD500E10BE9 /* RuntimeTests.xctest */;
			productType = "com.apple.product-type.bundle.unit-test";
		};
		11913E161FC00BD500E10BE9 /* RuntimeUITests */ = {
			isa = PBXNativeTarget;
			buildConfigurationList = 11913E261FC00BD600E10BE9 /* Build configuration list for PBXNativeTarget "RuntimeUITests" */;
			buildPhases = (
				11913E131FC00BD500E10BE9 /* Sources */,
				11913E141FC00BD500E10BE9 /* Frameworks */,
				11913E151FC00BD500E10BE9 /* Resources */,
			);
			buildRules = (
			);
			dependencies = (
				11913E191FC00BD500E10BE9 /* PBXTargetDependency */,
			);
			name = RuntimeUITests;
			productName = RuntimeUITests;
			productReference = 11913E171FC00BD500E10BE9 /* RuntimeUITests.xctest */;
			productType = "com.apple.product-type.bundle.ui-testing";
		};
/* End PBXNativeTarget section */

/* Begin PBXProject section */
		11913DE91FC00BD500E10BE9 /* Project object */ = {
			isa = PBXProject;
			attributes = {
				LastUpgradeCheck = 0910;
				ORGANIZATIONNAME = com.xiao.forward;
				TargetAttributes = {
					11913DF01FC00BD500E10BE9 = {
						CreatedOnToolsVersion = 9.1;
						ProvisioningStyle = Automatic;
					};
					11913E0B1FC00BD500E10BE9 = {
						CreatedOnToolsVersion = 9.1;
						ProvisioningStyle = Automatic;
						TestTargetID = 11913DF01FC00BD500E10BE9;
					};
					11913E161FC00BD500E10BE9 = {
						CreatedOnToolsVersion = 9.1;
						ProvisioningStyle = Automatic;
						TestTargetID = 11913DF01FC00BD500E10BE9;
					};
				};
			};
			buildConfigurationList = 11913DEC1FC00BD500E10BE9 /* Build configuration list for PBXProject "Runtime" */;
			compatibilityVersion = "Xcode 8.0";
			developmentRegion = en;
			hasScannedForEncodings = 0;
			knownRegions = (
				en,
				Base,
			);
			mainGroup = 11913DE81FC00BD500E10BE9;
			productRefGroup = 11913DF21FC00BD500E10BE9 /* Products */;
			projectDirPath = "";
			projectRoot = "";
			targets = (
				11913DF01FC00BD500E10BE9 /* Runtime */,
				11913E0B1FC00BD500E10BE9 /* RuntimeTests */,
				11913E161FC00BD500E10BE9 /* RuntimeUITests */,
			);
		};
/* End PBXProject section */

/* Begin PBXResourcesBuildPhase section */
		11913DEF1FC00BD500E10BE9 /* Resources */ = {
			isa = PBXResourcesBuildPhase;
			buildActionMask = 2147483647;
			files = (
				11913E041FC00BD500E10BE9 /* LaunchScreen.storyboard in Resources */,
				11913E011FC00BD500E10BE9 /* Assets.xcassets in Resources */,
				11913E491FC04E4B00E10BE9 /* jianshuhome.json in Resources */,
				11913DFC1FC00BD500E10BE9 /* Main.storyboard in Resources */,
				11913E2E1FC0481700E10BE9 /* scenery.jpg in Resources */,
			);
			runOnlyForDeploymentPostprocessing = 0;
		};
		11913E0A1FC00BD500E10BE9 /* Resources */ = {
			isa = PBXResourcesBuildPhase;
			buildActionMask = 2147483647;
			files = (
			);
			runOnlyForDeploymentPostprocessing = 0;
		};
		11913E151FC00BD500E10BE9 /* Resources */ = {
			isa = PBXResourcesBuildPhase;
			buildActionMask = 2147483647;
			files = (
			);
			runOnlyForDeploymentPostprocessing = 0;
		};
/* End PBXResourcesBuildPhase section */

/* Begin PBXSourcesBuildPhase section */
		11913DED1FC00BD500E10BE9 /* Sources */ = {
			isa = PBXSourcesBuildPhase;
			buildActionMask = 2147483647;
			files = (
				117C37D71FC15252004AA861 /* NSMutableArray+Swizzling.m in Sources */,
				117C37D41FC150E8004AA861 /* UIViewController+Swizzling.m in Sources */,
				11913DF91FC00BD500E10BE9 /* ViewController.m in Sources */,
				117C37CB1FC140A2004AA861 /* XKTeacher.m in Sources */,
				11913E441FC04DF700E10BE9 /* AFSecurityPolicy.m in Sources */,
				117C37DA1FC15414004AA861 /* UIButton+Swizzling.m in Sources */,
				11913E2B1FC0469D00E10BE9 /* UIImage+Image.m in Sources */,
				11913DF61FC00BD500E10BE9 /* AppDelegate.m in Sources */,
				11913E461FC04DF700E10BE9 /* AFURLResponseSerialization.m in Sources */,
				11913E071FC00BD500E10BE9 /* main.m in Sources */,
				11913E311FC0495800E10BE9 /* NSObject+Property.m in Sources */,
				11913E421FC04DF700E10BE9 /* AFHTTPSessionManager.m in Sources */,
				11913E451FC04DF700E10BE9 /* AFURLRequestSerialization.m in Sources */,
				11913E471FC04DF700E10BE9 /* AFURLSessionManager.m in Sources */,
				117C37DD1FC15869004AA861 /* UILabel+Swizzling.m in Sources */,
				11913E431FC04DF700E10BE9 /* AFNetworkReachabilityManager.m in Sources */,
				11913DFF1FC00BD500E10BE9 /* Runtime.xcdatamodeld in Sources */,
				117C37CE1FC14D48004AA861 /* NSObject+Swizzling.m in Sources */,
				117C37C81FC131A2004AA861 /* XKPerson.m in Sources */,
			);
			runOnlyForDeploymentPostprocessing = 0;
		};
		11913E081FC00BD500E10BE9 /* Sources */ = {
			isa = PBXSourcesBuildPhase;
			buildActionMask = 2147483647;
			files = (
				11913E111FC00BD500E10BE9 /* RuntimeTests.m in Sources */,
			);
			runOnlyForDeploymentPostprocessing = 0;
		};
		11913E131FC00BD500E10BE9 /* Sources */ = {
			isa = PBXSourcesBuildPhase;
			buildActionMask = 2147483647;
			files = (
				11913E1C1FC00BD600E10BE9 /* RuntimeUITests.m in Sources */,
			);
			runOnlyForDeploymentPostprocessing = 0;
		};
/* End PBXSourcesBuildPhase section */

/* Begin PBXTargetDependency section */
		11913E0E1FC00BD500E10BE9 /* PBXTargetDependency */ = {
			isa = PBXTargetDependency;
			target = 11913DF01FC00BD500E10BE9 /* Runtime */;
			targetProxy = 11913E0D1FC00BD500E10BE9 /* PBXContainerItemProxy */;
		};
		11913E191FC00BD500E10BE9 /* PBXTargetDependency */ = {
			isa = PBXTargetDependency;
			target = 11913DF01FC00BD500E10BE9 /* Runtime */;
			targetProxy = 11913E181FC00BD500E10BE9 /* PBXContainerItemProxy */;
		};
/* End PBXTargetDependency section */

/* Begin PBXVariantGroup section */
		11913DFA1FC00BD500E10BE9 /* Main.storyboard */ = {
			isa = PBXVariantGroup;
			children = (
				11913DFB1FC00BD500E10BE9 /* Base */,
			);
			name = Main.storyboard;
			sourceTree = "<group>";
		};
		11913E021FC00BD500E10BE9 /* LaunchScreen.storyboard */ = {
			isa = PBXVariantGroup;
			children = (
				11913E031FC00BD500E10BE9 /* Base */,
			);
			name = LaunchScreen.storyboard;
			sourceTree = "<group>";
		};
/* End PBXVariantGroup section */

/* Begin XCBuildConfiguration section */
		11913E1E1FC00BD600E10BE9 /* Debug */ = {
			isa = XCBuildConfiguration;
			buildSettings = {
				ALWAYS_SEARCH_USER_PATHS = NO;
				CLANG_ANALYZER_NONNULL = YES;
				CLANG_ANALYZER_NUMBER_OBJECT_CONVERSION = YES_AGGRESSIVE;
				CLANG_CXX_LANGUAGE_STANDARD = "gnu++14";
				CLANG_CXX_LIBRARY = "libc++";
				CLANG_ENABLE_MODULES = YES;
				CLANG_ENABLE_OBJC_ARC = YES;
				CLANG_WARN_BLOCK_CAPTURE_AUTORELEASING = YES;
				CLANG_WARN_BOOL_CONVERSION = YES;
				CLANG_WARN_COMMA = YES;
				CLANG_WARN_CONSTANT_CONVERSION = YES;
				CLANG_WARN_DIRECT_OBJC_ISA_USAGE = YES_ERROR;
				CLANG_WARN_DOCUMENTATION_COMMENTS = YES;
				CLANG_WARN_EMPTY_BODY = YES;
				CLANG_WARN_ENUM_CONVERSION = YES;
				CLANG_WARN_INFINITE_RECURSION = YES;
				CLANG_WARN_INT_CONVERSION = YES;
				CLANG_WARN_NON_LITERAL_NULL_CONVERSION = YES;
				CLANG_WARN_OBJC_LITERAL_CONVERSION = YES;
				CLANG_WARN_OBJC_ROOT_CLASS = YES_ERROR;
				CLANG_WARN_RANGE_LOOP_ANALYSIS = YES;
				CLANG_WARN_STRICT_PROTOTYPES = YES;
				CLANG_WARN_SUSPICIOUS_MOVE = YES;
				CLANG_WARN_UNGUARDED_AVAILABILITY = YES_AGGRESSIVE;
				CLANG_WARN_UNREACHABLE_CODE = YES;
				CLANG_WARN__DUPLICATE_METHOD_MATCH = YES;
				CODE_SIGN_IDENTITY = "iPhone Developer";
				COPY_PHASE_STRIP = NO;
				DEBUG_INFORMATION_FORMAT = dwarf;
				ENABLE_STRICT_OBJC_MSGSEND = NO;
				ENABLE_TESTABILITY = YES;
				GCC_C_LANGUAGE_STANDARD = gnu11;
				GCC_DYNAMIC_NO_PIC = NO;
				GCC_NO_COMMON_BLOCKS = YES;
				GCC_OPTIMIZATION_LEVEL = 0;
				GCC_PREPROCESSOR_DEFINITIONS = (
					"DEBUG=1",
					"$(inherited)",
				);
				GCC_WARN_64_TO_32_BIT_CONVERSION = YES;
				GCC_WARN_ABOUT_RETURN_TYPE = YES_ERROR;
				GCC_WARN_UNDECLARED_SELECTOR = YES;
				GCC_WARN_UNINITIALIZED_AUTOS = YES_AGGRESSIVE;
				GCC_WARN_UNUSED_FUNCTION = YES;
				GCC_WARN_UNUSED_VARIABLE = YES;
				IPHONEOS_DEPLOYMENT_TARGET = 11.1;
				MTL_ENABLE_DEBUG_INFO = YES;
				ONLY_ACTIVE_ARCH = YES;
				SDKROOT = iphoneos;
			};
			name = Debug;
		};
		11913E1F1FC00BD600E10BE9 /* Release */ = {
			isa = XCBuildConfiguration;
			buildSettings = {
				ALWAYS_SEARCH_USER_PATHS = NO;
				CLANG_ANALYZER_NONNULL = YES;
				CLANG_ANALYZER_NUMBER_OBJECT_CONVERSION = YES_AGGRESSIVE;
				CLANG_CXX_LANGUAGE_STANDARD = "gnu++14";
				CLANG_CXX_LIBRARY = "libc++";
				CLANG_ENABLE_MODULES = YES;
				CLANG_ENABLE_OBJC_ARC = YES;
				CLANG_WARN_BLOCK_CAPTURE_AUTORELEASING = YES;
				CLANG_WARN_BOOL_CONVERSION = YES;
				CLANG_WARN_COMMA = YES;
				CLANG_WARN_CONSTANT_CONVERSION = YES;
				CLANG_WARN_DIRECT_OBJC_ISA_USAGE = YES_ERROR;
				CLANG_WARN_DOCUMENTATION_COMMENTS = YES;
				CLANG_WARN_EMPTY_BODY = YES;
				CLANG_WARN_ENUM_CONVERSION = YES;
				CLANG_WARN_INFINITE_RECURSION = YES;
				CLANG_WARN_INT_CONVERSION = YES;
				CLANG_WARN_NON_LITERAL_NULL_CONVERSION = YES;
				CLANG_WARN_OBJC_LITERAL_CONVERSION = YES;
				CLANG_WARN_OBJC_ROOT_CLASS = YES_ERROR;
				CLANG_WARN_RANGE_LOOP_ANALYSIS = YES;
				CLANG_WARN_STRICT_PROTOTYPES = YES;
				CLANG_WARN_SUSPICIOUS_MOVE = YES;
				CLANG_WARN_UNGUARDED_AVAILABILITY = YES_AGGRESSIVE;
				CLANG_WARN_UNREACHABLE_CODE = YES;
				CLANG_WARN__DUPLICATE_METHOD_MATCH = YES;
				CODE_SIGN_IDENTITY = "iPhone Developer";
				COPY_PHASE_STRIP = NO;
				DEBUG_INFORMATION_FORMAT = "dwarf-with-dsym";
				ENABLE_NS_ASSERTIONS = NO;
				ENABLE_STRICT_OBJC_MSGSEND = NO;
				GCC_C_LANGUAGE_STANDARD = gnu11;
				GCC_NO_COMMON_BLOCKS = YES;
				GCC_WARN_64_TO_32_BIT_CONVERSION = YES;
				GCC_WARN_ABOUT_RETURN_TYPE = YES_ERROR;
				GCC_WARN_UNDECLARED_SELECTOR = YES;
				GCC_WARN_UNINITIALIZED_AUTOS = YES_AGGRESSIVE;
				GCC_WARN_UNUSED_FUNCTION = YES;
				GCC_WARN_UNUSED_VARIABLE = YES;
				IPHONEOS_DEPLOYMENT_TARGET = 11.1;
				MTL_ENABLE_DEBUG_INFO = NO;
				SDKROOT = iphoneos;
				VALIDATE_PRODUCT = YES;
			};
			name = Release;
		};
		11913E211FC00BD600E10BE9 /* Debug */ = {
			isa = XCBuildConfiguration;
			buildSettings = {
				ASSETCATALOG_COMPILER_APPICON_NAME = AppIcon;
				CODE_SIGN_STYLE = Automatic;
				DEVELOPMENT_TEAM = X475G9AZN5;
				ENABLE_STRICT_OBJC_MSGSEND = NO;
				INFOPLIST_FILE = Runtime/Info.plist;
				LD_RUNPATH_SEARCH_PATHS = "$(inherited) @executable_path/Frameworks";
				PRODUCT_BUNDLE_IDENTIFIER = com.xiao.forward.Runtime;
				PRODUCT_NAME = "$(TARGET_NAME)";
				TARGETED_DEVICE_FAMILY = "1,2";
			};
			name = Debug;
		};
		11913E221FC00BD600E10BE9 /* Release */ = {
			isa = XCBuildConfiguration;
			buildSettings = {
				ASSETCATALOG_COMPILER_APPICON_NAME = AppIcon;
				CODE_SIGN_STYLE = Automatic;
				DEVELOPMENT_TEAM = X475G9AZN5;
				ENABLE_STRICT_OBJC_MSGSEND = NO;
				INFOPLIST_FILE = Runtime/Info.plist;
				LD_RUNPATH_SEARCH_PATHS = "$(inherited) @executable_path/Frameworks";
				PRODUCT_BUNDLE_IDENTIFIER = com.xiao.forward.Runtime;
				PRODUCT_NAME = "$(TARGET_NAME)";
				TARGETED_DEVICE_FAMILY = "1,2";
			};
			name = Release;
		};
		11913E241FC00BD600E10BE9 /* Debug */ = {
			isa = XCBuildConfiguration;
			buildSettings = {
				BUNDLE_LOADER = "$(TEST_HOST)";
				CODE_SIGN_STYLE = Automatic;
				DEVELOPMENT_TEAM = X475G9AZN5;
				INFOPLIST_FILE = RuntimeTests/Info.plist;
				LD_RUNPATH_SEARCH_PATHS = "$(inherited) @executable_path/Frameworks @loader_path/Frameworks";
				PRODUCT_BUNDLE_IDENTIFIER = com.xiao.forward.RuntimeTests;
				PRODUCT_NAME = "$(TARGET_NAME)";
				TARGETED_DEVICE_FAMILY = "1,2";
				TEST_HOST = "$(BUILT_PRODUCTS_DIR)/Runtime.app/Runtime";
			};
			name = Debug;
		};
		11913E251FC00BD600E10BE9 /* Release */ = {
			isa = XCBuildConfiguration;
			buildSettings = {
				BUNDLE_LOADER = "$(TEST_HOST)";
				CODE_SIGN_STYLE = Automatic;
				DEVELOPMENT_TEAM = X475G9AZN5;
				INFOPLIST_FILE = RuntimeTests/Info.plist;
				LD_RUNPATH_SEARCH_PATHS = "$(inherited) @executable_path/Frameworks @loader_path/Frameworks";
				PRODUCT_BUNDLE_IDENTIFIER = com.xiao.forward.RuntimeTests;
				PRODUCT_NAME = "$(TARGET_NAME)";
				TARGETED_DEVICE_FAMILY = "1,2";
				TEST_HOST = "$(BUILT_PRODUCTS_DIR)/Runtime.app/Runtime";
			};
			name = Release;
		};
		11913E271FC00BD600E10BE9 /* Debug */ = {
			isa = XCBuildConfiguration;
			buildSettings = {
				CODE_SIGN_STYLE = Automatic;
				DEVELOPMENT_TEAM = X475G9AZN5;
				INFOPLIST_FILE = RuntimeUITests/Info.plist;
				LD_RUNPATH_SEARCH_PATHS = "$(inherited) @executable_path/Frameworks @loader_path/Frameworks";
				PRODUCT_BUNDLE_IDENTIFIER = com.xiao.forward.RuntimeUITests;
				PRODUCT_NAME = "$(TARGET_NAME)";
				TARGETED_DEVICE_FAMILY = "1,2";
				TEST_TARGET_NAME = Runtime;
			};
			name = Debug;
		};
		11913E281FC00BD600E10BE9 /* Release */ = {
			isa = XCBuildConfiguration;
			buildSettings = {
				CODE_SIGN_STYLE = Automatic;
				DEVELOPMENT_TEAM = X475G9AZN5;
				INFOPLIST_FILE = RuntimeUITests/Info.plist;
				LD_RUNPATH_SEARCH_PATHS = "$(inherited) @executable_path/Frameworks @loader_path/Frameworks";
				PRODUCT_BUNDLE_IDENTIFIER = com.xiao.forward.RuntimeUITests;
				PRODUCT_NAME = "$(TARGET_NAME)";
				TARGETED_DEVICE_FAMILY = "1,2";
				TEST_TARGET_NAME = Runtime;
			};
			name = Release;
		};
/* End XCBuildConfiguration section */

/* Begin XCConfigurationList section */
		11913DEC1FC00BD500E10BE9 /* Build configuration list for PBXProject "Runtime" */ = {
			isa = XCConfigurationList;
			buildConfigurations = (
				11913E1E1FC00BD600E10BE9 /* Debug */,
				11913E1F1FC00BD600E10BE9 /* Release */,
			);
			defaultConfigurationIsVisible = 0;
			defaultConfigurationName = Release;
		};
		11913E201FC00BD600E10BE9 /* Build configuration list for PBXNativeTarget "Runtime" */ = {
			isa = XCConfigurationList;
			buildConfigurations = (
				11913E211FC00BD600E10BE9 /* Debug */,
				11913E221FC00BD600E10BE9 /* Release */,
			);
			defaultConfigurationIsVisible = 0;
			defaultConfigurationName = Release;
		};
		11913E231FC00BD600E10BE9 /* Build configuration list for PBXNativeTarget "RuntimeTests" */ = {
			isa = XCConfigurationList;
			buildConfigurations = (
				11913E241FC00BD600E10BE9 /* Debug */,
				11913E251FC00BD600E10BE9 /* Release */,
			);
			defaultConfigurationIsVisible = 0;
			defaultConfigurationName = Release;
		};
		11913E261FC00BD600E10BE9 /* Build configuration list for PBXNativeTarget "RuntimeUITests" */ = {
			isa = XCConfigurationList;
			buildConfigurations = (
				11913E271FC00BD600E10BE9 /* Debug */,
				11913E281FC00BD600E10BE9 /* Release */,
			);
			defaultConfigurationIsVisible = 0;
			defaultConfigurationName = Release;
		};
/* End XCConfigurationList section */

/* Begin XCVersionGroup section */
		11913DFD1FC00BD500E10BE9 /* Runtime.xcdatamodeld */ = {
			isa = XCVersionGroup;
			children = (
				11913DFE1FC00BD500E10BE9 /* Runtime.xcdatamodel */,
			);
			currentVersion = 11913DFE1FC00BD500E10BE9 /* Runtime.xcdatamodel */;
			path = Runtime.xcdatamodeld;
			sourceTree = "<group>";
			versionGroupType = wrapper.xcdatamodel;
		};
/* End XCVersionGroup section */
	};
	rootObject = 11913DE91FC00BD500E10BE9 /* Project object */;
}
